
Microsoft Visual Studio Solution File, Format Version 12.00
# Visual Studio Version 17
VisualStudioVersion = 17.7.34009.444
MinimumVisualStudioVersion = 10.0.40219.1
Project("{FAE04EC0-301F-11D3-BF4B-00C04F79EFBC}") = "crudJoin", "crudJoin\crudJoin.csproj", "{022CF63E-E60F-4B1A-9AE2-7D8C564112EE}"
EndProject
Global
	GlobalSection(SolutionConfigurationPlatforms) = preSolution
		Debug|Any CPU = Debug|Any CPU
		Release|Any CPU = Release|Any CPU
	EndGlobalSection
	GlobalSection(ProjectConfigurationPlatforms) = postSolution
		{022CF63E-E60F-4B1A-9AE2-7D8C564112EE}.Debug|Any CPU.ActiveCfg = Debug|Any CPU
		{022CF63E-E60F-4B1A-9AE2-7D8C564112EE}.Debug|Any CPU.Build.0 = Debug|Any CPU
		{022CF63E-E60F-4B1A-9AE2-7D8C564112EE}.Release|Any CPU.ActiveCfg = Release|Any CPU
		{022CF63E-E60F-4B1A-9AE2-7D8C564112EE}.Release|Any CPU.Build.0 = Release|Any CPU
	EndGlobalSection
	GlobalSection(SolutionProperties) = preSolution
		HideSolutionNode = FALSE
	EndGlobalSection
	GlobalSection(ExtensibilityGlobals) = postSolution
		SolutionGuid = {6390DC48-48F7-4F1C-B104-DAF80E828FF5}
	EndGlobalSection
EndGlobal
